
Microsoft Visual Studio Solution File, Format Version 12.00
# Visual Studio 14
VisualStudioVersion = 14.0.25420.1
MinimumVisualStudioVersion = 10.0.40219.1
Project("{D954291E-2A0B-460D-934E-DC6B0785DB48}") = "TexasHoldemPoker", "TexasHoldemPoker\TexasHoldemPoker\TexasHoldemPoker.shproj", "{C6D537FC-9FD0-4938-9F08-93941F26CB43}"
EndProject
Project("{FAE04EC0-301F-11D3-BF4B-00C04F79EFBC}") = "TexasHoldemPoker.Droid", "TexasHoldemPoker\TexasHoldemPoker.Droid\TexasHoldemPoker.Droid.csproj", "{F075731D-FB4E-4A55-93B9-955E072B7276}"
EndProject
Project("{FAE04EC0-301F-11D3-BF4B-00C04F79EFBC}") = "TexasHoldemPoker.iOS", "TexasHoldemPoker\TexasHoldemPoker.iOS\TexasHoldemPoker.iOS.csproj", "{23692998-124D-4AE4-8AFB-7EB404A52565}"
EndProject
Global
	GlobalSection(SharedMSBuildProjectFiles) = preSolution
		TexasHoldemPoker\TexasHoldemPoker\TexasHoldemPoker.projitems*{23692998-124d-4ae4-8afb-7eb404a52565}*SharedItemsImports = 4
		TexasHoldemPoker\TexasHoldemPoker\TexasHoldemPoker.projitems*{c6d537fc-9fd0-4938-9f08-93941f26cb43}*SharedItemsImports = 13
		TexasHoldemPoker\TexasHoldemPoker\TexasHoldemPoker.projitems*{f075731d-fb4e-4a55-93b9-955e072b7276}*SharedItemsImports = 4
	EndGlobalSection
	GlobalSection(SolutionConfigurationPlatforms) = preSolution
		Ad-Hoc|Any CPU = Ad-Hoc|Any CPU
		Ad-Hoc|ARM = Ad-Hoc|ARM
		Ad-Hoc|iPhone = Ad-Hoc|iPhone
		Ad-Hoc|iPhoneSimulator = Ad-Hoc|iPhoneSimulator
		Ad-Hoc|x64 = Ad-Hoc|x64
		Ad-Hoc|x86 = Ad-Hoc|x86
		AppStore|Any CPU = AppStore|Any CPU
		AppStore|ARM = AppStore|ARM
		AppStore|iPhone = AppStore|iPhone
		AppStore|iPhoneSimulator = AppStore|iPhoneSimulator
		AppStore|x64 = AppStore|x64
		AppStore|x86 = AppStore|x86
		Debug|Any CPU = Debug|Any CPU
		Debug|ARM = Debug|ARM
		Debug|iPhone = Debug|iPhone
		Debug|iPhoneSimulator = Debug|iPhoneSimulator
		Debug|x64 = Debug|x64
		Debug|x86 = Debug|x86
		Release|Any CPU = Release|Any CPU
		Release|ARM = Release|ARM
		Release|iPhone = Release|iPhone
		Release|iPhoneSimulator = Release|iPhoneSimulator
		Release|x64 = Release|x64
		Release|x86 = Release|x86
	EndGlobalSection
	GlobalSection(ProjectConfigurationPlatforms) = postSolution
		{F075731D-FB4E-4A55-93B9-955E072B7276}.Ad-Hoc|Any CPU.ActiveCfg = Release|Any CPU
		{F075731D-FB4E-4A55-93B9-955E072B7276}.Ad-Hoc|Any CPU.Build.0 = Release|Any CPU
		{F075731D-FB4E-4A55-93B9-955E072B7276}.Ad-Hoc|Any CPU.Deploy.0 = Release|Any CPU
		{F075731D-FB4E-4A55-93B9-955E072B7276}.Ad-Hoc|ARM.ActiveCfg = Release|Any CPU
		{F075731D-FB4E-4A55-93B9-955E072B7276}.Ad-Hoc|ARM.Build.0 = Release|Any CPU
		{F075731D-FB4E-4A55-93B9-955E072B7276}.Ad-Hoc|ARM.Deploy.0 = Release|Any CPU
		{F075731D-FB4E-4A55-93B9-955E072B7276}.Ad-Hoc|iPhone.ActiveCfg = Release|Any CPU
		{F075731D-FB4E-4A55-93B9-955E072B7276}.Ad-Hoc|iPhone.Build.0 = Release|Any CPU
		{F075731D-FB4E-4A55-93B9-955E072B7276}.Ad-Hoc|iPhone.Deploy.0 = Release|Any CPU
		{F075731D-FB4E-4A55-93B9-955E072B7276}.Ad-Hoc|iPhoneSimulator.ActiveCfg = Release|Any CPU
		{F075731D-FB4E-4A55-93B9-955E072B7276}.Ad-Hoc|iPhoneSimulator.Build.0 = Release|Any CPU
		{F075731D-FB4E-4A55-93B9-955E072B7276}.Ad-Hoc|iPhoneSimulator.Deploy.0 = Release|Any CPU
		{F075731D-FB4E-4A55-93B9-955E072B7276}.Ad-Hoc|x64.ActiveCfg = Release|Any CPU
		{F075731D-FB4E-4A55-93B9-955E072B7276}.Ad-Hoc|x64.Build.0 = Release|Any CPU
		{F075731D-FB4E-4A55-93B9-955E072B7276}.Ad-Hoc|x64.Deploy.0 = Release|Any CPU
		{F075731D-FB4E-4A55-93B9-955E072B7276}.Ad-Hoc|x86.ActiveCfg = Release|Any CPU
		{F075731D-FB4E-4A55-93B9-955E072B7276}.Ad-Hoc|x86.Build.0 = Release|Any CPU
		{F075731D-FB4E-4A55-93B9-955E072B7276}.Ad-Hoc|x86.Deploy.0 = Release|Any CPU
		{F075731D-FB4E-4A55-93B9-955E072B7276}.AppStore|Any CPU.ActiveCfg = Release|Any CPU
		{F075731D-FB4E-4A55-93B9-955E072B7276}.AppStore|Any CPU.Build.0 = Release|Any CPU
		{F075731D-FB4E-4A55-93B9-955E072B7276}.AppStore|Any CPU.Deploy.0 = Release|Any CPU
		{F075731D-FB4E-4A55-93B9-955E072B7276}.AppStore|ARM.ActiveCfg = Release|Any CPU
		{F075731D-FB4E-4A55-93B9-955E072B7276}.AppStore|ARM.Build.0 = Release|Any CPU
		{F075731D-FB4E-4A55-93B9-955E072B7276}.AppStore|ARM.Deploy.0 = Release|Any CPU
		{F075731D-FB4E-4A55-93B9-955E072B7276}.AppStore|iPhone.ActiveCfg = Release|Any CPU
		{F075731D-FB4E-4A55-93B9-955E072B7276}.AppStore|iPhone.Build.0 = Release|Any CPU
		{F075731D-FB4E-4A55-93B9-955E072B7276}.AppStore|iPhone.Deploy.0 = Release|Any CPU
		{F075731D-FB4E-4A55-93B9-955E072B7276}.AppStore|iPhoneSimulator.ActiveCfg = Release|Any CPU
		{F075731D-FB4E-4A55-93B9-955E072B7276}.AppStore|iPhoneSimulator.Build.0 = Release|Any CPU
		{F075731D-FB4E-4A55-93B9-955E072B7276}.AppStore|iPhoneSimulator.Deploy.0 = Release|Any CPU
		{F075731D-FB4E-4A55-93B9-955E072B7276}.AppStore|x64.ActiveCfg = Release|Any CPU
		{F075731D-FB4E-4A55-93B9-955E072B7276}.AppStore|x64.Build.0 = Release|Any CPU
		{F075731D-FB4E-4A55-93B9-955E072B7276}.AppStore|x64.Deploy.0 = Release|Any CPU
		{F075731D-FB4E-4A55-93B9-955E072B7276}.AppStore|x86.ActiveCfg = Release|Any CPU
		{F075731D-FB4E-4A55-93B9-955E072B7276}.AppStore|x86.Build.0 = Release|Any CPU
		{F075731D-FB4E-4A55-93B9-955E072B7276}.AppStore|x86.Deploy.0 = Release|Any CPU
		{F075731D-FB4E-4A55-93B9-955E072B7276}.Debug|Any CPU.ActiveCfg = Debug|Any CPU
		{F075731D-FB4E-4A55-93B9-955E072B7276}.Debug|Any CPU.Build.0 = Debug|Any CPU
		{F075731D-FB4E-4A55-93B9-955E072B7276}.Debug|Any CPU.Deploy.0 = Debug|Any CPU
		{F075731D-FB4E-4A55-93B9-955E072B7276}.Debug|ARM.ActiveCfg = Debug|Any CPU
		{F075731D-FB4E-4A55-93B9-955E072B7276}.Debug|ARM.Build.0 = Debug|Any CPU
		{F075731D-FB4E-4A55-93B9-955E072B7276}.Debug|ARM.Deploy.0 = Debug|Any CPU
		{F075731D-FB4E-4A55-93B9-955E072B7276}.Debug|iPhone.ActiveCfg = Debug|Any CPU
		{F075731D-FB4E-4A55-93B9-955E072B7276}.Debug|iPhone.Build.0 = Debug|Any CPU
		{F075731D-FB4E-4A55-93B9-955E072B7276}.Debug|iPhone.Deploy.0 = Debug|Any CPU
		{F075731D-FB4E-4A55-93B9-955E072B7276}.Debug|iPhoneSimulator.ActiveCfg = Debug|Any CPU
		{F075731D-FB4E-4A55-93B9-955E072B7276}.Debug|iPhoneSimulator.Build.0 = Debug|Any CPU
		{F075731D-FB4E-4A55-93B9-955E072B7276}.Debug|iPhoneSimulator.Deploy.0 = Debug|Any CPU
		{F075731D-FB4E-4A55-93B9-955E072B7276}.Debug|x64.ActiveCfg = Debug|Any CPU
		{F075731D-FB4E-4A55-93B9-955E072B7276}.Debug|x64.Build.0 = Debug|Any CPU
		{F075731D-FB4E-4A55-93B9-955E072B7276}.Debug|x64.Deploy.0 = Debug|Any CPU
		{F075731D-FB4E-4A55-93B9-955E072B7276}.Debug|x86.ActiveCfg = Debug|Any CPU
		{F075731D-FB4E-4A55-93B9-955E072B7276}.Debug|x86.Build.0 = Debug|Any CPU
		{F075731D-FB4E-4A55-93B9-955E072B7276}.Debug|x86.Deploy.0 = Debug|Any CPU
		{F075731D-FB4E-4A55-93B9-955E072B7276}.Release|Any CPU.ActiveCfg = Release|Any CPU
		{F075731D-FB4E-4A55-93B9-955E072B7276}.Release|Any CPU.Build.0 = Release|Any CPU
		{F075731D-FB4E-4A55-93B9-955E072B7276}.Release|Any CPU.Deploy.0 = Release|Any CPU
		{F075731D-FB4E-4A55-93B9-955E072B7276}.Release|ARM.ActiveCfg = Release|Any CPU
		{F075731D-FB4E-4A55-93B9-955E072B7276}.Release|ARM.Build.0 = Release|Any CPU
		{F075731D-FB4E-4A55-93B9-955E072B7276}.Release|ARM.Deploy.0 = Release|Any CPU
		{F075731D-FB4E-4A55-93B9-955E072B7276}.Release|iPhone.ActiveCfg = Release|Any CPU
		{F075731D-FB4E-4A55-93B9-955E072B7276}.Release|iPhone.Build.0 = Release|Any CPU
		{F075731D-FB4E-4A55-93B9-955E072B7276}.Release|iPhone.Deploy.0 = Release|Any CPU
		{F075731D-FB4E-4A55-93B9-955E072B7276}.Release|iPhoneSimulator.ActiveCfg = Release|Any CPU
		{F075731D-FB4E-4A55-93B9-955E072B7276}.Release|iPhoneSimulator.Build.0 = Release|Any CPU
		{F075731D-FB4E-4A55-93B9-955E072B7276}.Release|iPhoneSimulator.Deploy.0 = Release|Any CPU
		{F075731D-FB4E-4A55-93B9-955E072B7276}.Release|x64.ActiveCfg = Release|Any CPU
		{F075731D-FB4E-4A55-93B9-955E072B7276}.Release|x64.Build.0 = Release|Any CPU
		{F075731D-FB4E-4A55-93B9-955E072B7276}.Release|x64.Deploy.0 = Release|Any CPU
		{F075731D-FB4E-4A55-93B9-955E072B7276}.Release|x86.ActiveCfg = Release|Any CPU
		{F075731D-FB4E-4A55-93B9-955E072B7276}.Release|x86.Build.0 = Release|Any CPU
		{F075731D-FB4E-4A55-93B9-955E072B7276}.Release|x86.Deploy.0 = Release|Any CPU
		{23692998-124D-4AE4-8AFB-7EB404A52565}.Ad-Hoc|Any CPU.ActiveCfg = Ad-Hoc|iPhone
		{23692998-124D-4AE4-8AFB-7EB404A52565}.Ad-Hoc|ARM.ActiveCfg = Ad-Hoc|iPhone
		{23692998-124D-4AE4-8AFB-7EB404A52565}.Ad-Hoc|iPhone.ActiveCfg = Ad-Hoc|iPhone
		{23692998-124D-4AE4-8AFB-7EB404A52565}.Ad-Hoc|iPhone.Build.0 = Ad-Hoc|iPhone
		{23692998-124D-4AE4-8AFB-7EB404A52565}.Ad-Hoc|iPhoneSimulator.ActiveCfg = Ad-Hoc|iPhoneSimulator
		{23692998-124D-4AE4-8AFB-7EB404A52565}.Ad-Hoc|iPhoneSimulator.Build.0 = Ad-Hoc|iPhoneSimulator
		{23692998-124D-4AE4-8AFB-7EB404A52565}.Ad-Hoc|x64.ActiveCfg = Ad-Hoc|iPhone
		{23692998-124D-4AE4-8AFB-7EB404A52565}.Ad-Hoc|x86.ActiveCfg = Ad-Hoc|iPhone
		{23692998-124D-4AE4-8AFB-7EB404A52565}.AppStore|Any CPU.ActiveCfg = AppStore|iPhone
		{23692998-124D-4AE4-8AFB-7EB404A52565}.AppStore|ARM.ActiveCfg = AppStore|iPhone
		{23692998-124D-4AE4-8AFB-7EB404A52565}.AppStore|iPhone.ActiveCfg = AppStore|iPhone
		{23692998-124D-4AE4-8AFB-7EB404A52565}.AppStore|iPhone.Build.0 = AppStore|iPhone
		{23692998-124D-4AE4-8AFB-7EB404A52565}.AppStore|iPhoneSimulator.ActiveCfg = AppStore|iPhoneSimulator
		{23692998-124D-4AE4-8AFB-7EB404A52565}.AppStore|iPhoneSimulator.Build.0 = AppStore|iPhoneSimulator
		{23692998-124D-4AE4-8AFB-7EB404A52565}.AppStore|x64.ActiveCfg = AppStore|iPhone
		{23692998-124D-4AE4-8AFB-7EB404A52565}.AppStore|x86.ActiveCfg = AppStore|iPhone
		{23692998-124D-4AE4-8AFB-7EB404A52565}.Debug|Any CPU.ActiveCfg = Debug|iPhone
		{23692998-124D-4AE4-8AFB-7EB404A52565}.Debug|ARM.ActiveCfg = Debug|iPhone
		{23692998-124D-4AE4-8AFB-7EB404A52565}.Debug|iPhone.ActiveCfg = Debug|iPhone
		{23692998-124D-4AE4-8AFB-7EB404A52565}.Debug|iPhone.Build.0 = Debug|iPhone
		{23692998-124D-4AE4-8AFB-7EB404A52565}.Debug|iPhoneSimulator.ActiveCfg = Debug|iPhoneSimulator
		{23692998-124D-4AE4-8AFB-7EB404A52565}.Debug|iPhoneSimulator.Build.0 = Debug|iPhoneSimulator
		{23692998-124D-4AE4-8AFB-7EB404A52565}.Debug|x64.ActiveCfg = Debug|iPhone
		{23692998-124D-4AE4-8AFB-7EB404A52565}.Debug|x86.ActiveCfg = Debug|iPhone
		{23692998-124D-4AE4-8AFB-7EB404A52565}.Release|Any CPU.ActiveCfg = Release|iPhone
		{23692998-124D-4AE4-8AFB-7EB404A52565}.Release|ARM.ActiveCfg = Release|iPhone
		{23692998-124D-4AE4-8AFB-7EB404A52565}.Release|iPhone.ActiveCfg = Release|iPhone
		{23692998-124D-4AE4-8AFB-7EB404A52565}.Release|iPhone.Build.0 = Release|iPhone
		{23692998-124D-4AE4-8AFB-7EB404A52565}.Release|iPhoneSimulator.ActiveCfg = Release|iPhoneSimulator
		{23692998-124D-4AE4-8AFB-7EB404A52565}.Release|iPhoneSimulator.Build.0 = Release|iPhoneSimulator
		{23692998-124D-4AE4-8AFB-7EB404A52565}.Release|x64.ActiveCfg = Release|iPhone
		{23692998-124D-4AE4-8AFB-7EB404A52565}.Release|x86.ActiveCfg = Release|iPhone
	EndGlobalSection
	GlobalSection(SolutionProperties) = preSolution
		HideSolutionNode = FALSE
	EndGlobalSection
EndGlobal
